{
    "_meta": {
        "hash": {
            "sha256": "bf7fc44da6ed30c9d50bf99b2a6daa9a15c1caef1eb428d519b2586b16bff44c"
        },
        "pipfile-spec": 6,
        "requires": {
            "python_version": "3.14"
        },
        "sources": [
            {
                "name": "pypi",
                "url": "https://pypi.org/simple",
                "verify_ssl": true
            }
        ]
    },
    "default": {
        "src": {
            "editable": true,
            "path": "./src"
        }
    },
    "develop": {}
}
